PODS:
  - GoogleMaps (3.9.0):
    - GoogleMaps/Maps (= 3.9.0)
  - GoogleMaps/Base (3.9.0)
  - GoogleMaps/Maps (3.9.0):
    - GoogleMaps/Base
  - GooglePlaces (3.9.0):
    - GoogleMaps/Base (= 3.9.0)
  - GooglePlacesPicker (1.2)

DEPENDENCIES:
  - GoogleMaps
  - GooglePlaces
  - GooglePlacesPicker

SPEC REPOS:
  trunk:
    - GoogleMaps
    - GooglePlaces
    - GooglePlacesPicker

SPEC CHECKSUMS:
  GoogleMaps: 4b5346bddfe6911bb89155d43c903020170523ac
  GooglePlaces: 1634d019549b969d40fe0ccb0b9513055adebe01
  GooglePlacesPicker: 7fc917a2b8800d7d5a46ff1bfc4c0939c0e4e12e

PODFILE CHECKSUM: eac12131d026d213ebb76ab96262355cb109d601

COCOAPODS: 1.9.3
