// !$*UTF8*$!
{
	archiveVersion = 1;
	classes = {
	};
	objectVersion = 51;
	objects = {

/* Begin PBXBuildFile section */
		30228C2DE70F3DDF8E66BA30 /* Pods_donATE_app.framework in Frameworks */ = {isa = PBXBuildFile; fileRef = 0E55F38CAA75C1F1900CFCB6 /* Pods_donATE_app.framework */; };
		AD04768D24A11FDF002CEE39 /* AppDelegate.swift in Sources */ = {isa = PBXBuildFile; fileRef = AD04768C24A11FDF002CEE39 /* AppDelegate.swift */; };
		AD04768F24A11FDF002CEE39 /* SceneDelegate.swift in Sources */ = {isa = PBXBuildFile; fileRef = AD04768E24A11FDF002CEE39 /* SceneDelegate.swift */; };
		AD04769124A11FDF002CEE39 /* ViewController.swift in Sources */ = {isa = PBXBuildFile; fileRef = AD04769024A11FDF002CEE39 /* ViewController.swift */; };
		AD04769424A11FDF002CEE39 /* Main.storyboard in Resources */ = {isa = PBXBuildFile; fileRef = AD04769224A11FDF002CEE39 /* Main.storyboard */; };
		AD04769724A11FDF002CEE39 /* donATE_app.xcdatamodeld in Sources */ = {isa = PBXBuildFile; fileRef = AD04769524A11FDF002CEE39 /* donATE_app.xcdatamodeld */; };
		AD04769924A11FE4002CEE39 /* Assets.xcassets in Resources */ = {isa = PBXBuildFile; fileRef = AD04769824A11FE4002CEE39 /* Assets.xcassets */; };
		AD04769C24A11FE4002CEE39 /* LaunchScreen.storyboard in Resources */ = {isa = PBXBuildFile; fileRef = AD04769A24A11FE4002CEE39 /* LaunchScreen.storyboard */; };
		AD0476CD24A3A84D002CEE39 /* HomePageViewController.swift in Sources */ = {isa = PBXBuildFile; fileRef = AD0476CC24A3A84D002CEE39 /* HomePageViewController.swift */; };
		AD0476CF24A3A88B002CEE39 /* TrackDonationsViewController.swift in Sources */ = {isa = PBXBuildFile; fileRef = AD0476CE24A3A88B002CEE39 /* TrackDonationsViewController.swift */; };
		E6AC484824A63F59005F14AF /* MapViewController.swift in Sources */ = {isa = PBXBuildFile; fileRef = E6AC484724A63F59005F14AF /* MapViewController.swift */; };
/* End PBXBuildFile section */

/* Begin PBXFileReference section */
		0E55F38CAA75C1F1900CFCB6 /* Pods_donATE_app.framework */ = {isa = PBXFileReference; explicitFileType = wrapper.framework; includeInIndex = 0; path = Pods_donATE_app.framework; sourceTree = BUILT_PRODUCTS_DIR; };
		42E49B3B7FB17CE72DEF8A17 /* Pods-donATE app.debug.xcconfig */ = {isa = PBXFileReference; includeInIndex = 1; lastKnownFileType = text.xcconfig; name = "Pods-donATE app.debug.xcconfig"; path = "Target Support Files/Pods-donATE app/Pods-donATE app.debug.xcconfig"; sourceTree = "<group>"; };
		AD04768924A11FDF002CEE39 /* donATE app.app */ = {isa = PBXFileReference; explicitFileType = wrapper.application; includeInIndex = 0; path = "donATE app.app"; sourceTree = BUILT_PRODUCTS_DIR; };
		AD04768C24A11FDF002CEE39 /* AppDelegate.swift */ = {isa = PBXFileReference; lastKnownFileType = sourcecode.swift; path = AppDelegate.swift; sourceTree = "<group>"; };
		AD04768E24A11FDF002CEE39 /* SceneDelegate.swift */ = {isa = PBXFileReference; lastKnownFileType = sourcecode.swift; path = SceneDelegate.swift; sourceTree = "<group>"; };
		AD04769024A11FDF002CEE39 /* ViewController.swift */ = {isa = PBXFileReference; lastKnownFileType = sourcecode.swift; path = ViewController.swift; sourceTree = "<group>"; };
		AD04769324A11FDF002CEE39 /* Base */ = {isa = PBXFileReference; lastKnownFileType = file.storyboard; name = Base; path = Base.lproj/Main.storyboard; sourceTree = "<group>"; };
		AD04769624A11FDF002CEE39 /* donATE_app.xcdatamodel */ = {isa = PBXFileReference; lastKnownFileType = wrapper.xcdatamodel; path = donATE_app.xcdatamodel; sourceTree = "<group>"; };
		AD04769824A11FE4002CEE39 /* Assets.xcassets */ = {isa = PBXFileReference; lastKnownFileType = folder.assetcatalog; path = Assets.xcassets; sourceTree = "<group>"; };
		AD04769B24A11FE4002CEE39 /* Base */ = {isa = PBXFileReference; lastKnownFileType = file.storyboard; name = Base; path = Base.lproj/LaunchScreen.storyboard; sourceTree = "<group>"; };
		AD04769D24A11FE4002CEE39 /* Info.plist */ = {isa = PBXFileReference; lastKnownFileType = text.plist.xml; path = Info.plist; sourceTree = "<group>"; };
		AD0476CC24A3A84D002CEE39 /* HomePageViewController.swift */ = {isa = PBXFileReference; lastKnownFileType = sourcecode.swift; path = HomePageViewController.swift; sourceTree = "<group>"; };
		AD0476CE24A3A88B002CEE39 /* TrackDonationsViewController.swift */ = {isa = PBXFileReference; lastKnownFileType = sourcecode.swift; path = TrackDonationsViewController.swift; sourceTree = "<group>"; };
		D9CF1A8532CB0A6E69A53FA4 /* Pods-donATE app.release.xcconfig */ = {isa = PBXFileReference; includeInIndex = 1; lastKnownFileType = text.xcconfig; name = "Pods-donATE app.release.xcconfig"; path = "Target Support Files/Pods-donATE app/Pods-donATE app.release.xcconfig"; sourceTree = "<group>"; };
		E6AC484724A63F59005F14AF /* MapViewController.swift */ = {isa = PBXFileReference; lastKnownFileType = sourcecode.swift; path = MapViewController.swift; sourceTree = "<group>"; };
/* End PBXFileReference section */

/* Begin PBXFrameworksBuildPhase section */
		AD04768624A11FDE002CEE39 /* Frameworks */ = {
			isa = PBXFrameworksBuildPhase;
			buildActionMask = 2147483647;
			files = (
				30228C2DE70F3DDF8E66BA30 /* Pods_donATE_app.framework in Frameworks */,
			);
			runOnlyForDeploymentPostprocessing = 0;
		};
/* End PBXFrameworksBuildPhase section */

/* Begin PBXGroup section */
		06A2EA8B4355543B6B9CC5B3 /* Pods */ = {
			isa = PBXGroup;
			children = (
				42E49B3B7FB17CE72DEF8A17 /* Pods-donATE app.debug.xcconfig */,
				D9CF1A8532CB0A6E69A53FA4 /* Pods-donATE app.release.xcconfig */,
			);
			path = Pods;
			sourceTree = "<group>";
		};
		0E8FC2D6FFC2D29922091982 /* Frameworks */ = {
			isa = PBXGroup;
			children = (
				0E55F38CAA75C1F1900CFCB6 /* Pods_donATE_app.framework */,
			);
			name = Frameworks;
			sourceTree = "<group>";
		};
		AD04768024A11FDE002CEE39 = {
			isa = PBXGroup;
			children = (
				AD04768B24A11FDF002CEE39 /* donATE app */,
				AD04768A24A11FDF002CEE39 /* Products */,
				06A2EA8B4355543B6B9CC5B3 /* Pods */,
				0E8FC2D6FFC2D29922091982 /* Frameworks */,
			);
			sourceTree = "<group>";
		};
		AD04768A24A11FDF002CEE39 /* Products */ = {
			isa = PBXGroup;
			children = (
				AD04768924A11FDF002CEE39 /* donATE app.app */,
			);
			name = Products;
			sourceTree = "<group>";
		};
		AD04768B24A11FDF002CEE39 /* donATE app */ = {
			isa = PBXGroup;
			children = (
				AD04768C24A11FDF002CEE39 /* AppDelegate.swift */,
				AD04768E24A11FDF002CEE39 /* SceneDelegate.swift */,
				AD04769024A11FDF002CEE39 /* ViewController.swift */,
				E6AC484724A63F59005F14AF /* MapViewController.swift */,
				AD04769224A11FDF002CEE39 /* Main.storyboard */,
				AD04769824A11FE4002CEE39 /* Assets.xcassets */,
				AD04769A24A11FE4002CEE39 /* LaunchScreen.storyboard */,
				AD04769D24A11FE4002CEE39 /* Info.plist */,
				AD04769524A11FDF002CEE39 /* donATE_app.xcdatamodeld */,
				AD0476CC24A3A84D002CEE39 /* HomePageViewController.swift */,
				AD0476CE24A3A88B002CEE39 /* TrackDonationsViewController.swift */,
			);
			path = "donATE app";
			sourceTree = "<group>";
		};
/* End PBXGroup section */

/* Begin PBXNativeTarget section */
		AD04768824A11FDE002CEE39 /* donATE app */ = {
			isa = PBXNativeTarget;
			buildConfigurationList = AD0476A024A11FE4002CEE39 /* Build configuration list for PBXNativeTarget "donATE app" */;
			buildPhases = (
				DAFC1A45EA6EACEFC3B92B5C /* [CP] Check Pods Manifest.lock */,
				AD04768524A11FDE002CEE39 /* Sources */,
				AD04768624A11FDE002CEE39 /* Frameworks */,
				AD04768724A11FDE002CEE39 /* Resources */,
				D5F95E606C38E31549B502A7 /* [CP] Embed Pods Frameworks */,
				D3F912EFE840EEB4E824215F /* [CP] Copy Pods Resources */,
			);
			buildRules = (
			);
			dependencies = (
			);
			name = "donATE app";
			productName = "donATE app";
			productReference = AD04768924A11FDF002CEE39 /* donATE app.app */;
			productType = "com.apple.product-type.application";
		};
/* End PBXNativeTarget section */

/* Begin PBXProject section */
		AD04768124A11FDE002CEE39 /* Project object */ = {
			isa = PBXProject;
			attributes = {
				LastSwiftUpdateCheck = 1150;
				LastUpgradeCheck = 1150;
				ORGANIZATIONNAME = "Lena Wang";
				TargetAttributes = {
					AD04768824A11FDE002CEE39 = {
						CreatedOnToolsVersion = 11.5;
					};
				};
			};
			buildConfigurationList = AD04768424A11FDE002CEE39 /* Build configuration list for PBXProject "donATE app" */;
			compatibilityVersion = "Xcode 9.3";
			developmentRegion = en;
			hasScannedForEncodings = 0;
			knownRegions = (
				en,
				Base,
			);
			mainGroup = AD04768024A11FDE002CEE39;
			productRefGroup = AD04768A24A11FDF002CEE39 /* Products */;
			projectDirPath = "";
			projectRoot = "";
			targets = (
				AD04768824A11FDE002CEE39 /* donATE app */,
			);
		};
/* End PBXProject section */

/* Begin PBXResourcesBuildPhase section */
		AD04768724A11FDE002CEE39 /* Resources */ = {
			isa = PBXResourcesBuildPhase;
			buildActionMask = 2147483647;
			files = (
				AD04769C24A11FE4002CEE39 /* LaunchScreen.storyboard in Resources */,
				AD04769924A11FE4002CEE39 /* Assets.xcassets in Resources */,
				AD04769424A11FDF002CEE39 /* Main.storyboard in Resources */,
			);
			runOnlyForDeploymentPostprocessing = 0;
		};
/* End PBXResourcesBuildPhase section */

/* Begin PBXShellScriptBuildPhase section */
		D3F912EFE840EEB4E824215F /* [CP] Copy Pods Resources */ = {
			isa = PBXShellScriptBuildPhase;
			buildActionMask = 2147483647;
			files = (
			);
			inputFileListPaths = (
				"${PODS_ROOT}/Target Support Files/Pods-donATE app/Pods-donATE app-resources-${CONFIGURATION}-input-files.xcfilelist",
			);
			name = "[CP] Copy Pods Resources";
			outputFileListPaths = (
				"${PODS_ROOT}/Target Support Files/Pods-donATE app/Pods-donATE app-resources-${CONFIGURATION}-output-files.xcfilelist",
			);
			runOnlyForDeploymentPostprocessing = 0;
			shellPath = /bin/sh;
			shellScript = "\"${PODS_ROOT}/Target Support Files/Pods-donATE app/Pods-donATE app-resources.sh\"\n";
			showEnvVarsInLog = 0;
		};
		D5F95E606C38E31549B502A7 /* [CP] Embed Pods Frameworks */ = {
			isa = PBXShellScriptBuildPhase;
			buildActionMask = 2147483647;
			files = (
			);
			inputFileListPaths = (
				"${PODS_ROOT}/Target Support Files/Pods-donATE app/Pods-donATE app-frameworks-${CONFIGURATION}-input-files.xcfilelist",
			);
			name = "[CP] Embed Pods Frameworks";
			outputFileListPaths = (
				"${PODS_ROOT}/Target Support Files/Pods-donATE app/Pods-donATE app-frameworks-${CONFIGURATION}-output-files.xcfilelist",
			);
			runOnlyForDeploymentPostprocessing = 0;
			shellPath = /bin/sh;
			shellScript = "\"${PODS_ROOT}/Target Support Files/Pods-donATE app/Pods-donATE app-frameworks.sh\"\n";
			showEnvVarsInLog = 0;
		};
		DAFC1A45EA6EACEFC3B92B5C /* [CP] Check Pods Manifest.lock */ = {
			isa = PBXShellScriptBuildPhase;
			buildActionMask = 2147483647;
			files = (
			);
			inputFileListPaths = (
			);
			inputPaths = (
				"${PODS_PODFILE_DIR_PATH}/Podfile.lock",
				"${PODS_ROOT}/Manifest.lock",
			);
			name = "[CP] Check Pods Manifest.lock";
			outputFileListPaths = (
			);
			outputPaths = (
				"$(DERIVED_FILE_DIR)/Pods-donATE app-checkManifestLockResult.txt",
			);
			runOnlyForDeploymentPostprocessing = 0;
			shellPath = /bin/sh;
			shellScript = "diff \"${PODS_PODFILE_DIR_PATH}/Podfile.lock\" \"${PODS_ROOT}/Manifest.lock\" > /dev/null\nif [ $? != 0 ] ; then\n    # print error to STDERR\n    echo \"error: The sandbox is not in sync with the Podfile.lock. Run 'pod install' or update your CocoaPods installation.\" >&2\n    exit 1\nfi\n# This output is used by Xcode 'outputs' to avoid re-running this script phase.\necho \"SUCCESS\" > \"${SCRIPT_OUTPUT_FILE_0}\"\n";
			showEnvVarsInLog = 0;
		};
/* End PBXShellScriptBuildPhase section */

/* Begin PBXSourcesBuildPhase section */
		AD04768524A11FDE002CEE39 /* Sources */ = {
			isa = PBXSourcesBuildPhase;
			buildActionMask = 2147483647;
			files = (
				AD0476CF24A3A88B002CEE39 /* TrackDonationsViewController.swift in Sources */,
				AD04769124A11FDF002CEE39 /* ViewController.swift in Sources */,
				AD04768D24A11FDF002CEE39 /* AppDelegate.swift in Sources */,
				AD04769724A11FDF002CEE39 /* donATE_app.xcdatamodeld in Sources */,
				AD0476CD24A3A84D002CEE39 /* HomePageViewController.swift in Sources */,
				AD04768F24A11FDF002CEE39 /* SceneDelegate.swift in Sources */,
				E6AC484824A63F59005F14AF /* MapViewController.swift in Sources */,
			);
			runOnlyForDeploymentPostprocessing = 0;
		};
/* End PBXSourcesBuildPhase section */

/* Begin PBXVariantGroup section */
		AD04769224A11FDF002CEE39 /* Main.storyboard */ = {
			isa = PBXVariantGroup;
			children = (
				AD04769324A11FDF002CEE39 /* Base */,
			);
			name = Main.storyboard;
			sourceTree = "<group>";
		};
		AD04769A24A11FE4002CEE39 /* LaunchScreen.storyboard */ = {
			isa = PBXVariantGroup;
			children = (
				AD04769B24A11FE4002CEE39 /* Base */,
			);
			name = LaunchScreen.storyboard;
			sourceTree = "<group>";
		};
/* End PBXVariantGroup section */

/* Begin XCBuildConfiguration section */
		AD04769E24A11FE4002CEE39 /* Debug */ = {
			isa = XCBuildConfiguration;
			buildSettings = {
				ALWAYS_SEARCH_USER_PATHS = NO;
				CLANG_ANALYZER_NONNULL = YES;
				CLANG_ANALYZER_NUMBER_OBJECT_CONVERSION = YES_AGGRESSIVE;
				CLANG_CXX_LANGUAGE_STANDARD = "gnu++14";
				CLANG_CXX_LIBRARY = "libc++";
				CLANG_ENABLE_MODULES = YES;
				CLANG_ENABLE_OBJC_ARC = YES;
				CLANG_ENABLE_OBJC_WEAK = YES;
				CLANG_WARN_BLOCK_CAPTURE_AUTORELEASING = YES;
				CLANG_WARN_BOOL_CONVERSION = YES;
				CLANG_WARN_COMMA = YES;
				CLANG_WARN_CONSTANT_CONVERSION = YES;
				CLANG_WARN_DEPRECATED_OBJC_IMPLEMENTATIONS = YES;
				CLANG_WARN_DIRECT_OBJC_ISA_USAGE = YES_ERROR;
				CLANG_WARN_DOCUMENTATION_COMMENTS = YES;
				CLANG_WARN_EMPTY_BODY = YES;
				CLANG_WARN_ENUM_CONVERSION = YES;
				CLANG_WARN_INFINITE_RECURSION = YES;
				CLANG_WARN_INT_CONVERSION = YES;
				CLANG_WARN_NON_LITERAL_NULL_CONVERSION = YES;
				CLANG_WARN_OBJC_IMPLICIT_RETAIN_SELF = YES;
				CLANG_WARN_OBJC_LITERAL_CONVERSION = YES;
				CLANG_WARN_OBJC_ROOT_CLASS = YES_ERROR;
				CLANG_WARN_RANGE_LOOP_ANALYSIS = YES;
				CLANG_WARN_STRICT_PROTOTYPES = YES;
				CLANG_WARN_SUSPICIOUS_MOVE = YES;
				CLANG_WARN_UNGUARDED_AVAILABILITY = YES_AGGRESSIVE;
				CLANG_WARN_UNREACHABLE_CODE = YES;
				CLANG_WARN__DUPLICATE_METHOD_MATCH = YES;
				COPY_PHASE_STRIP = NO;
				DEBUG_INFORMATION_FORMAT = dwarf;
				ENABLE_STRICT_OBJC_MSGSEND = YES;
				ENABLE_TESTABILITY = YES;
				GCC_C_LANGUAGE_STANDARD = gnu11;
				GCC_DYNAMIC_NO_PIC = NO;
				GCC_NO_COMMON_BLOCKS = YES;
				GCC_OPTIMIZATION_LEVEL = 0;
				GCC_PREPROCESSOR_DEFINITIONS = (
					"DEBUG=1",
					"$(inherited)",
				);
				GCC_WARN_64_TO_32_BIT_CONVERSION = YES;
				GCC_WARN_ABOUT_RETURN_TYPE = YES_ERROR;
				GCC_WARN_UNDECLARED_SELECTOR = YES;
				GCC_WARN_UNINITIALIZED_AUTOS = YES_AGGRESSIVE;
				GCC_WARN_UNUSED_FUNCTION = YES;
				GCC_WARN_UNUSED_VARIABLE = YES;
				IPHONEOS_DEPLOYMENT_TARGET = 13.5;
				MTL_ENABLE_DEBUG_INFO = INCLUDE_SOURCE;
				MTL_FAST_MATH = YES;
				ONLY_ACTIVE_ARCH = YES;
				SDKROOT = iphoneos;
				SWIFT_ACTIVE_COMPILATION_CONDITIONS = DEBUG;
				SWIFT_OPTIMIZATION_LEVEL = "-Onone";
			};
			name = Debug;
		};
		AD04769F24A11FE4002CEE39 /* Release */ = {
			isa = XCBuildConfiguration;
			buildSettings = {
				ALWAYS_SEARCH_USER_PATHS = NO;
				CLANG_ANALYZER_NONNULL = YES;
				CLANG_ANALYZER_NUMBER_OBJECT_CONVERSION = YES_AGGRESSIVE;
				CLANG_CXX_LANGUAGE_STANDARD = "gnu++14";
				CLANG_CXX_LIBRARY = "libc++";
				CLANG_ENABLE_MODULES = YES;
				CLANG_ENABLE_OBJC_ARC = YES;
				CLANG_ENABLE_OBJC_WEAK = YES;
				CLANG_WARN_BLOCK_CAPTURE_AUTORELEASING = YES;
				CLANG_WARN_BOOL_CONVERSION = YES;
				CLANG_WARN_COMMA = YES;
				CLANG_WARN_CONSTANT_CONVERSION = YES;
				CLANG_WARN_DEPRECATED_OBJC_IMPLEMENTATIONS = YES;
				CLANG_WARN_DIRECT_OBJC_ISA_USAGE = YES_ERROR;
				CLANG_WARN_DOCUMENTATION_COMMENTS = YES;
				CLANG_WARN_EMPTY_BODY = YES;
				CLANG_WARN_ENUM_CONVERSION = YES;
				CLANG_WARN_INFINITE_RECURSION = YES;
				CLANG_WARN_INT_CONVERSION = YES;
				CLANG_WARN_NON_LITERAL_NULL_CONVERSION = YES;
				CLANG_WARN_OBJC_IMPLICIT_RETAIN_SELF = YES;
				CLANG_WARN_OBJC_LITERAL_CONVERSION = YES;
				CLANG_WARN_OBJC_ROOT_CLASS = YES_ERROR;
				CLANG_WARN_RANGE_LOOP_ANALYSIS = YES;
				CLANG_WARN_STRICT_PROTOTYPES = YES;
				CLANG_WARN_SUSPICIOUS_MOVE = YES;
				CLANG_WARN_UNGUARDED_AVAILABILITY = YES_AGGRESSIVE;
				CLANG_WARN_UNREACHABLE_CODE = YES;
				CLANG_WARN__DUPLICATE_METHOD_MATCH = YES;
				COPY_PHASE_STRIP = NO;
				DEBUG_INFORMATION_FORMAT = "dwarf-with-dsym";
				ENABLE_NS_ASSERTIONS = NO;
				ENABLE_STRICT_OBJC_MSGSEND = YES;
				GCC_C_LANGUAGE_STANDARD = gnu11;
				GCC_NO_COMMON_BLOCKS = YES;
				GCC_WARN_64_TO_32_BIT_CONVERSION = YES;
				GCC_WARN_ABOUT_RETURN_TYPE = YES_ERROR;
				GCC_WARN_UNDECLARED_SELECTOR = YES;
				GCC_WARN_UNINITIALIZED_AUTOS = YES_AGGRESSIVE;
				GCC_WARN_UNUSED_FUNCTION = YES;
				GCC_WARN_UNUSED_VARIABLE = YES;
				IPHONEOS_DEPLOYMENT_TARGET = 13.5;
				MTL_ENABLE_DEBUG_INFO = NO;
				MTL_FAST_MATH = YES;
				SDKROOT = iphoneos;
				SWIFT_COMPILATION_MODE = wholemodule;
				SWIFT_OPTIMIZATION_LEVEL = "-O";
				VALIDATE_PRODUCT = YES;
			};
			name = Release;
		};
		AD0476A124A11FE4002CEE39 /* Debug */ = {
			isa = XCBuildConfiguration;
			baseConfigurationReference = 42E49B3B7FB17CE72DEF8A17 /* Pods-donATE app.debug.xcconfig */;
			buildSettings = {
				ASSETCATALOG_COMPILER_APPICON_NAME = AppIcon;
				CODE_SIGN_STYLE = Automatic;
				INFOPLIST_FILE = "donATE app/Info.plist";
				LD_RUNPATH_SEARCH_PATHS = (
					"$(inherited)",
					"@executable_path/Frameworks",
				);
				PRODUCT_BUNDLE_IDENTIFIER = "KWK.donATE-app";
				PRODUCT_NAME = "$(TARGET_NAME)";
				SWIFT_VERSION = 5.0;
				TARGETED_DEVICE_FAMILY = "1,2";
			};
			name = Debug;
		};
		AD0476A224A11FE4002CEE39 /* Release */ = {
			isa = XCBuildConfiguration;
			baseConfigurationReference = D9CF1A8532CB0A6E69A53FA4 /* Pods-donATE app.release.xcconfig */;
			buildSettings = {
				ASSETCATALOG_COMPILER_APPICON_NAME = AppIcon;
				CODE_SIGN_STYLE = Automatic;
				INFOPLIST_FILE = "donATE app/Info.plist";
				LD_RUNPATH_SEARCH_PATHS = (
					"$(inherited)",
					"@executable_path/Frameworks",
				);
				PRODUCT_BUNDLE_IDENTIFIER = "KWK.donATE-app";
				PRODUCT_NAME = "$(TARGET_NAME)";
				SWIFT_VERSION = 5.0;
				TARGETED_DEVICE_FAMILY = "1,2";
			};
			name = Release;
		};
/* End XCBuildConfiguration section */

/* Begin XCConfigurationList section */
		AD04768424A11FDE002CEE39 /* Build configuration list for PBXProject "donATE app" */ = {
			isa = XCConfigurationList;
			buildConfigurations = (
				AD04769E24A11FE4002CEE39 /* Debug */,
				AD04769F24A11FE4002CEE39 /* Release */,
			);
			defaultConfigurationIsVisible = 0;
			defaultConfigurationName = Release;
		};
		AD0476A024A11FE4002CEE39 /* Build configuration list for PBXNativeTarget "donATE app" */ = {
			isa = XCConfigurationList;
			buildConfigurations = (
				AD0476A124A11FE4002CEE39 /* Debug */,
				AD0476A224A11FE4002CEE39 /* Release */,
			);
			defaultConfigurationIsVisible = 0;
			defaultConfigurationName = Release;
		};
/* End XCConfigurationList section */

/* Begin XCVersionGroup section */
		AD04769524A11FDF002CEE39 /* donATE_app.xcdatamodeld */ = {
			isa = XCVersionGroup;
			children = (
				AD04769624A11FDF002CEE39 /* donATE_app.xcdatamodel */,
			);
			currentVersion = AD04769624A11FDF002CEE39 /* donATE_app.xcdatamodel */;
			path = donATE_app.xcdatamodeld;
			sourceTree = "<group>";
			versionGroupType = wrapper.xcdatamodel;
		};
/* End XCVersionGroup section */
	};
	rootObject = AD04768124A11FDE002CEE39 /* Project object */;
}
